[0m[1mmodule.vpc.google_compute_network.vpc_network_web: Refreshing state... [id=projects/teraform101/global/networks/teraform101-network-web][0m
[0m[1mmodule.vpc.google_compute_subnetwork.vpc_network_web_subnet_nginx: Refreshing state... [id=projects/teraform101/regions/europe-west2/subnetworks/nginx-subnet][0m
[0m[1mmodule.vpc.google_compute_subnetwork.vpc_network_web_subnet_db: Refreshing state... [id=projects/teraform101/regions/europe-west2/subnetworks/db-subnet][0m

Terraform used the selected providers to generate the following execution
plan. Resource actions are indicated with the following symbols:
  [32m+[0m create[0m

Terraform will perform the following actions:

[1m  # module.vpc.google_compute_firewall.net-web-allow-ssh-and-https[0m will be created
[0m  [32m+[0m[0m resource "google_compute_firewall" "net-web-allow-ssh-and-https" {
      [32m+[0m[0m creation_timestamp = (known after apply)
      [32m+[0m[0m destination_ranges = (known after apply)
      [32m+[0m[0m direction          = (known after apply)
      [32m+[0m[0m enable_logging     = (known after apply)
      [32m+[0m[0m id                 = (known after apply)
      [32m+[0m[0m name               = "allow-ssh"
      [32m+[0m[0m network            = "teraform101-network-web"
      [32m+[0m[0m priority           = 1000
      [32m+[0m[0m project            = "teraform101"
      [32m+[0m[0m self_link          = (known after apply)
      [32m+[0m[0m source_ranges      = [
          [32m+[0m[0m "0.0.0.0/0",
        ]

      [32m+[0m[0m allow {
          [32m+[0m[0m ports    = [
              [32m+[0m[0m "22",
              [32m+[0m[0m "80",
              [32m+[0m[0m "443",
            ]
          [32m+[0m[0m protocol = "tcp"
        }
      [32m+[0m[0m allow {
          [32m+[0m[0m ports    = []
          [32m+[0m[0m protocol = "tcp"
        }
    }

[1mPlan:[0m 1 to add, 0 to change, 0 to destroy.
[0m[90m
─────────────────────────────────────────────────────────────────────────────[0m

Note: You didn't use the -out option to save this plan, so Terraform can't
guarantee to take exactly these actions if you run "terraform apply" now.
